// !$*UTF8*$!
{
	archiveVersion = 1;
	classes = {
	};
	objectVersion = 50;
	objects = {

/* Begin PBXBuildFile section */
		2F15F197262D610B004E611C /* AppDelegate.swift in Sources */ = {isa = PBXBuildFile; fileRef = 2F15F196262D610B004E611C /* AppDelegate.swift */; };
		2F15F199262D610B004E611C /* SceneDelegate.swift in Sources */ = {isa = PBXBuildFile; fileRef = 2F15F198262D610B004E611C /* SceneDelegate.swift */; };
		2F15F19B262D610B004E611C /* ViewController.swift in Sources */ = {isa = PBXBuildFile; fileRef = 2F15F19A262D610B004E611C /* ViewController.swift */; };
		2F15F19E262D610B004E611C /* Main.storyboard in Resources */ = {isa = PBXBuildFile; fileRef = 2F15F19C262D610B004E611C /* Main.storyboard */; };
		2F15F1A0262D610C004E611C /* Assets.xcassets in Resources */ = {isa = PBXBuildFile; fileRef = 2F15F19F262D610C004E611C /* Assets.xcassets */; };
		2F15F1A3262D610C004E611C /* LaunchScreen.storyboard in Resources */ = {isa = PBXBuildFile; fileRef = 2F15F1A1262D610C004E611C /* LaunchScreen.storyboard */; };
		2F15F1AE262D610C004E611C /* GitHubSearchTests.swift in Sources */ = {isa = PBXBuildFile; fileRef = 2F15F1AD262D610C004E611C /* GitHubSearchTests.swift */; };
		2F15F1B9262D610C004E611C /* GitHubSearchUITests.swift in Sources */ = {isa = PBXBuildFile; fileRef = 2F15F1B8262D610C004E611C /* GitHubSearchUITests.swift */; };
/* End PBXBuildFile section */

/* Begin PBXContainerItemProxy section */
		2F15F1AA262D610C004E611C /* PBXContainerItemProxy */ = {
			isa = PBXContainerItemProxy;
			containerPortal = 2F15F18B262D610B004E611C /* Project object */;
			proxyType = 1;
			remoteGlobalIDString = 2F15F192262D610B004E611C;
			remoteInfo = GitHubSearch;
		};
		2F15F1B5262D610C004E611C /* PBXContainerItemProxy */ = {
			isa = PBXContainerItemProxy;
			containerPortal = 2F15F18B262D610B004E611C /* Project object */;
			proxyType = 1;
			remoteGlobalIDString = 2F15F192262D610B004E611C;
			remoteInfo = GitHubSearch;
		};
/* End PBXContainerItemProxy section */

/* Begin PBXFileReference section */
		2F15F193262D610B004E611C /* GitHubSearch.app */ = {isa = PBXFileReference; explicitFileType = wrapper.application; includeInIndex = 0; path = GitHubSearch.app; sourceTree = BUILT_PRODUCTS_DIR; };
		2F15F196262D610B004E611C /* AppDelegate.swift */ = {isa = PBXFileReference; lastKnownFileType = sourcecode.swift; path = AppDelegate.swift; sourceTree = "<group>"; };
		2F15F198262D610B004E611C /* SceneDelegate.swift */ = {isa = PBXFileReference; lastKnownFileType = sourcecode.swift; path = SceneDelegate.swift; sourceTree = "<group>"; };
		2F15F19A262D610B004E611C /* ViewController.swift */ = {isa = PBXFileReference; lastKnownFileType = sourcecode.swift; path = ViewController.swift; sourceTree = "<group>"; };
		2F15F19D262D610B004E611C /* Base */ = {isa = PBXFileReference; lastKnownFileType = file.storyboard; name = Base; path = Base.lproj/Main.storyboard; sourceTree = "<group>"; };
		2F15F19F262D610C004E611C /* Assets.xcassets */ = {isa = PBXFileReference; lastKnownFileType = folder.assetcatalog; path = Assets.xcassets; sourceTree = "<group>"; };
		2F15F1A2262D610C004E611C /* Base */ = {isa = PBXFileReference; lastKnownFileType = file.storyboard; name = Base; path = Base.lproj/LaunchScreen.storyboard; sourceTree = "<group>"; };
		2F15F1A4262D610C004E611C /* Info.plist */ = {isa = PBXFileReference; lastKnownFileType = text.plist.xml; path = Info.plist; sourceTree = "<group>"; };
		2F15F1A9262D610C004E611C /* GitHubSearchTests.xctest */ = {isa = PBXFileReference; explicitFileType = wrapper.cfbundle; includeInIndex = 0; path = GitHubSearchTests.xctest; sourceTree = BUILT_PRODUCTS_DIR; };
		2F15F1AD262D610C004E611C /* GitHubSearchTests.swift */ = {isa = PBXFileReference; lastKnownFileType = sourcecode.swift; path = GitHubSearchTests.swift; sourceTree = "<group>"; };
		2F15F1AF262D610C004E611C /* Info.plist */ = {isa = PBXFileReference; lastKnownFileType = text.plist.xml; path = Info.plist; sourceTree = "<group>"; };
		2F15F1B4262D610C004E611C /* GitHubSearchUITests.xctest */ = {isa = PBXFileReference; explicitFileType = wrapper.cfbundle; includeInIndex = 0; path = GitHubSearchUITests.xctest; sourceTree = BUILT_PRODUCTS_DIR; };
		2F15F1B8262D610C004E611C /* GitHubSearchUITests.swift */ = {isa = PBXFileReference; lastKnownFileType = sourcecode.swift; path = GitHubSearchUITests.swift; sourceTree = "<group>"; };
		2F15F1BA262D610C004E611C /* Info.plist */ = {isa = PBXFileReference; lastKnownFileType = text.plist.xml; path = Info.plist; sourceTree = "<group>"; };
/* End PBXFileReference section */

/* Begin PBXFrameworksBuildPhase section */
		2F15F190262D610B004E611C /* Frameworks */ = {
			isa = PBXFrameworksBuildPhase;
			buildActionMask = 2147483647;
			files = (
			);
			runOnlyForDeploymentPostprocessing = 0;
		};
		2F15F1A6262D610C004E611C /* Frameworks */ = {
			isa = PBXFrameworksBuildPhase;
			buildActionMask = 2147483647;
			files = (
			);
			runOnlyForDeploymentPostprocessing = 0;
		};
		2F15F1B1262D610C004E611C /* Frameworks */ = {
			isa = PBXFrameworksBuildPhase;
			buildActionMask = 2147483647;
			files = (
			);
			runOnlyForDeploymentPostprocessing = 0;
		};
/* End PBXFrameworksBuildPhase section */

/* Begin PBXGroup section */
		2F15F18A262D610B004E611C = {
			isa = PBXGroup;
			children = (
				2F15F195262D610B004E611C /* GitHubSearch */,
				2F15F1AC262D610C004E611C /* GitHubSearchTests */,
				2F15F1B7262D610C004E611C /* GitHubSearchUITests */,
				2F15F194262D610B004E611C /* Products */,
			);
			sourceTree = "<group>";
		};
		2F15F194262D610B004E611C /* Products */ = {
			isa = PBXGroup;
			children = (
				2F15F193262D610B004E611C /* GitHubSearch.app */,
				2F15F1A9262D610C004E611C /* GitHubSearchTests.xctest */,
				2F15F1B4262D610C004E611C /* GitHubSearchUITests.xctest */,
			);
			name = Products;
			sourceTree = "<group>";
		};
		2F15F195262D610B004E611C /* GitHubSearch */ = {
			isa = PBXGroup;
			children = (
				2F15F196262D610B004E611C /* AppDelegate.swift */,
				2F15F198262D610B004E611C /* SceneDelegate.swift */,
				2F15F19A262D610B004E611C /* ViewController.swift */,
				2F15F19C262D610B004E611C /* Main.storyboard */,
				2F15F19F262D610C004E611C /* Assets.xcassets */,
				2F15F1A1262D610C004E611C /* LaunchScreen.storyboard */,
				2F15F1A4262D610C004E611C /* Info.plist */,
			);
			path = GitHubSearch;
			sourceTree = "<group>";
		};
		2F15F1AC262D610C004E611C /* GitHubSearchTests */ = {
			isa = PBXGroup;
			children = (
				2F15F1AD262D610C004E611C /* GitHubSearchTests.swift */,
				2F15F1AF262D610C004E611C /* Info.plist */,
			);
			path = GitHubSearchTests;
			sourceTree = "<group>";
		};
		2F15F1B7262D610C004E611C /* GitHubSearchUITests */ = {
			isa = PBXGroup;
			children = (
				2F15F1B8262D610C004E611C /* GitHubSearchUITests.swift */,
				2F15F1BA262D610C004E611C /* Info.plist */,
			);
			path = GitHubSearchUITests;
			sourceTree = "<group>";
		};
/* End PBXGroup section */

/* Begin PBXNativeTarget section */
		2F15F192262D610B004E611C /* GitHubSearch */ = {
			isa = PBXNativeTarget;
			buildConfigurationList = 2F15F1BD262D610C004E611C /* Build configuration list for PBXNativeTarget "GitHubSearch" */;
			buildPhases = (
				2F15F18F262D610B004E611C /* Sources */,
				2F15F190262D610B004E611C /* Frameworks */,
				2F15F191262D610B004E611C /* Resources */,
			);
			buildRules = (
			);
			dependencies = (
			);
			name = GitHubSearch;
			productName = GitHubSearch;
			productReference = 2F15F193262D610B004E611C /* GitHubSearch.app */;
			productType = "com.apple.product-type.application";
		};
		2F15F1A8262D610C004E611C /* GitHubSearchTests */ = {
			isa = PBXNativeTarget;
			buildConfigurationList = 2F15F1C0262D610C004E611C /* Build configuration list for PBXNativeTarget "GitHubSearchTests" */;
			buildPhases = (
				2F15F1A5262D610C004E611C /* Sources */,
				2F15F1A6262D610C004E611C /* Frameworks */,
				2F15F1A7262D610C004E611C /* Resources */,
			);
			buildRules = (
			);
			dependencies = (
				2F15F1AB262D610C004E611C /* PBXTargetDependency */,
			);
			name = GitHubSearchTests;
			productName = GitHubSearchTests;
			productReference = 2F15F1A9262D610C004E611C /* GitHubSearchTests.xctest */;
			productType = "com.apple.product-type.bundle.unit-test";
		};
		2F15F1B3262D610C004E611C /* GitHubSearchUITests */ = {
			isa = PBXNativeTarget;
			buildConfigurationList = 2F15F1C3262D610C004E611C /* Build configuration list for PBXNativeTarget "GitHubSearchUITests" */;
			buildPhases = (
				2F15F1B0262D610C004E611C /* Sources */,
				2F15F1B1262D610C004E611C /* Frameworks */,
				2F15F1B2262D610C004E611C /* Resources */,
			);
			buildRules = (
			);
			dependencies = (
				2F15F1B6262D610C004E611C /* PBXTargetDependency */,
			);
			name = GitHubSearchUITests;
			productName = GitHubSearchUITests;
			productReference = 2F15F1B4262D610C004E611C /* GitHubSearchUITests.xctest */;
			productType = "com.apple.product-type.bundle.ui-testing";
		};
/* End PBXNativeTarget section */

/* Begin PBXProject section */
		2F15F18B262D610B004E611C /* Project object */ = {
			isa = PBXProject;
			attributes = {
				LastSwiftUpdateCheck = 1240;
				LastUpgradeCheck = 1240;
				TargetAttributes = {
					2F15F192262D610B004E611C = {
						CreatedOnToolsVersion = 12.4;
					};
					2F15F1A8262D610C004E611C = {
						CreatedOnToolsVersion = 12.4;
						TestTargetID = 2F15F192262D610B004E611C;
					};
					2F15F1B3262D610C004E611C = {
						CreatedOnToolsVersion = 12.4;
						TestTargetID = 2F15F192262D610B004E611C;
					};
				};
			};
			buildConfigurationList = 2F15F18E262D610B004E611C /* Build configuration list for PBXProject "GitHubSearch" */;
			compatibilityVersion = "Xcode 9.3";
			developmentRegion = en;
			hasScannedForEncodings = 0;
			knownRegions = (
				en,
				Base,
			);
			mainGroup = 2F15F18A262D610B004E611C;
			productRefGroup = 2F15F194262D610B004E611C /* Products */;
			projectDirPath = "";
			projectRoot = "";
			targets = (
				2F15F192262D610B004E611C /* GitHubSearch */,
				2F15F1A8262D610C004E611C /* GitHubSearchTests */,
				2F15F1B3262D610C004E611C /* GitHubSearchUITests */,
			);
		};
/* End PBXProject section */

/* Begin PBXResourcesBuildPhase section */
		2F15F191262D610B004E611C /* Resources */ = {
			isa = PBXResourcesBuildPhase;
			buildActionMask = 2147483647;
			files = (
				2F15F1A3262D610C004E611C /* LaunchScreen.storyboard in Resources */,
				2F15F1A0262D610C004E611C /* Assets.xcassets in Resources */,
				2F15F19E262D610B004E611C /* Main.storyboard in Resources */,
			);
			runOnlyForDeploymentPostprocessing = 0;
		};
		2F15F1A7262D610C004E611C /* Resources */ = {
			isa = PBXResourcesBuildPhase;
			buildActionMask = 2147483647;
			files = (
			);
			runOnlyForDeploymentPostprocessing = 0;
		};
		2F15F1B2262D610C004E611C /* Resources */ = {
			isa = PBXResourcesBuildPhase;
			buildActionMask = 2147483647;
			files = (
			);
			runOnlyForDeploymentPostprocessing = 0;
		};
/* End PBXResourcesBuildPhase section */

/* Begin PBXSourcesBuildPhase section */
		2F15F18F262D610B004E611C /* Sources */ = {
			isa = PBXSourcesBuildPhase;
			buildActionMask = 2147483647;
			files = (
				2F15F19B262D610B004E611C /* ViewController.swift in Sources */,
				2F15F197262D610B004E611C /* AppDelegate.swift in Sources */,
				2F15F199262D610B004E611C /* SceneDelegate.swift in Sources */,
			);
			runOnlyForDeploymentPostprocessing = 0;
		};
		2F15F1A5262D610C004E611C /* Sources */ = {
			isa = PBXSourcesBuildPhase;
			buildActionMask = 2147483647;
			files = (
				2F15F1AE262D610C004E611C /* GitHubSearchTests.swift in Sources */,
			);
			runOnlyForDeploymentPostprocessing = 0;
		};
		2F15F1B0262D610C004E611C /* Sources */ = {
			isa = PBXSourcesBuildPhase;
			buildActionMask = 2147483647;
			files = (
				2F15F1B9262D610C004E611C /* GitHubSearchUITests.swift in Sources */,
			);
			runOnlyForDeploymentPostprocessing = 0;
		};
/* End PBXSourcesBuildPhase section */

/* Begin PBXTargetDependency section */
		2F15F1AB262D610C004E611C /* PBXTargetDependency */ = {
			isa = PBXTargetDependency;
			target = 2F15F192262D610B004E611C /* GitHubSearch */;
			targetProxy = 2F15F1AA262D610C004E611C /* PBXContainerItemProxy */;
		};
		2F15F1B6262D610C004E611C /* PBXTargetDependency */ = {
			isa = PBXTargetDependency;
			target = 2F15F192262D610B004E611C /* GitHubSearch */;
			targetProxy = 2F15F1B5262D610C004E611C /* PBXContainerItemProxy */;
		};
/* End PBXTargetDependency section */

/* Begin PBXVariantGroup section */
		2F15F19C262D610B004E611C /* Main.storyboard */ = {
			isa = PBXVariantGroup;
			children = (
				2F15F19D262D610B004E611C /* Base */,
			);
			name = Main.storyboard;
			sourceTree = "<group>";
		};
		2F15F1A1262D610C004E611C /* LaunchScreen.storyboard */ = {
			isa = PBXVariantGroup;
			children = (
				2F15F1A2262D610C004E611C /* Base */,
			);
			name = LaunchScreen.storyboard;
			sourceTree = "<group>";
		};
/* End PBXVariantGroup section */

/* Begin XCBuildConfiguration section */
		2F15F1BB262D610C004E611C /* Debug */ = {
			isa = XCBuildConfiguration;
			buildSettings = {
				ALWAYS_SEARCH_USER_PATHS = NO;
				CLANG_ANALYZER_NONNULL = YES;
				CLANG_ANALYZER_NUMBER_OBJECT_CONVERSION = YES_AGGRESSIVE;
				CLANG_CXX_LANGUAGE_STANDARD = "gnu++14";
				CLANG_CXX_LIBRARY = "libc++";
				CLANG_ENABLE_MODULES = YES;
				CLANG_ENABLE_OBJC_ARC = YES;
				CLANG_ENABLE_OBJC_WEAK = YES;
				CLANG_WARN_BLOCK_CAPTURE_AUTORELEASING = YES;
				CLANG_WARN_BOOL_CONVERSION = YES;
				CLANG_WARN_COMMA = YES;
				CLANG_WARN_CONSTANT_CONVERSION = YES;
				CLANG_WARN_DEPRECATED_OBJC_IMPLEMENTATIONS = YES;
				CLANG_WARN_DIRECT_OBJC_ISA_USAGE = YES_ERROR;
				CLANG_WARN_DOCUMENTATION_COMMENTS = YES;
				CLANG_WARN_EMPTY_BODY = YES;
				CLANG_WARN_ENUM_CONVERSION = YES;
				CLANG_WARN_INFINITE_RECURSION = YES;
				CLANG_WARN_INT_CONVERSION = YES;
				CLANG_WARN_NON_LITERAL_NULL_CONVERSION = YES;
				CLANG_WARN_OBJC_IMPLICIT_RETAIN_SELF = YES;
				CLANG_WARN_OBJC_LITERAL_CONVERSION = YES;
				CLANG_WARN_OBJC_ROOT_CLASS = YES_ERROR;
				CLANG_WARN_QUOTED_INCLUDE_IN_FRAMEWORK_HEADER = YES;
				CLANG_WARN_RANGE_LOOP_ANALYSIS = YES;
				CLANG_WARN_STRICT_PROTOTYPES = YES;
				CLANG_WARN_SUSPICIOUS_MOVE = YES;
				CLANG_WARN_UNGUARDED_AVAILABILITY = YES_AGGRESSIVE;
				CLANG_WARN_UNREACHABLE_CODE = YES;
				CLANG_WARN__DUPLICATE_METHOD_MATCH = YES;
				COPY_PHASE_STRIP = NO;
				DEBUG_INFORMATION_FORMAT = dwarf;
				ENABLE_STRICT_OBJC_MSGSEND = YES;
				ENABLE_TESTABILITY = YES;
				GCC_C_LANGUAGE_STANDARD = gnu11;
				GCC_DYNAMIC_NO_PIC = NO;
				GCC_NO_COMMON_BLOCKS = YES;
				GCC_OPTIMIZATION_LEVEL = 0;
				GCC_PREPROCESSOR_DEFINITIONS = (
					"DEBUG=1",
					"$(inherited)",
				);
				GCC_WARN_64_TO_32_BIT_CONVERSION = YES;
				GCC_WARN_ABOUT_RETURN_TYPE = YES_ERROR;
				GCC_WARN_UNDECLARED_SELECTOR = YES;
				GCC_WARN_UNINITIALIZED_AUTOS = YES_AGGRESSIVE;
				GCC_WARN_UNUSED_FUNCTION = YES;
				GCC_WARN_UNUSED_VARIABLE = YES;
				IPHONEOS_DEPLOYMENT_TARGET = 14.4;
				MTL_ENABLE_DEBUG_INFO = INCLUDE_SOURCE;
				MTL_FAST_MATH = YES;
				ONLY_ACTIVE_ARCH = YES;
				SDKROOT = iphoneos;
				SWIFT_ACTIVE_COMPILATION_CONDITIONS = DEBUG;
				SWIFT_OPTIMIZATION_LEVEL = "-Onone";
			};
			name = Debug;
		};
		2F15F1BC262D610C004E611C /* Release */ = {
			isa = XCBuildConfiguration;
			buildSettings = {
				ALWAYS_SEARCH_USER_PATHS = NO;
				CLANG_ANALYZER_NONNULL = YES;
				CLANG_ANALYZER_NUMBER_OBJECT_CONVERSION = YES_AGGRESSIVE;
				CLANG_CXX_LANGUAGE_STANDARD = "gnu++14";
				CLANG_CXX_LIBRARY = "libc++";
				CLANG_ENABLE_MODULES = YES;
				CLANG_ENABLE_OBJC_ARC = YES;
				CLANG_ENABLE_OBJC_WEAK = YES;
				CLANG_WARN_BLOCK_CAPTURE_AUTORELEASING = YES;
				CLANG_WARN_BOOL_CONVERSION = YES;
				CLANG_WARN_COMMA = YES;
				CLANG_WARN_CONSTANT_CONVERSION = YES;
				CLANG_WARN_DEPRECATED_OBJC_IMPLEMENTATIONS = YES;
				CLANG_WARN_DIRECT_OBJC_ISA_USAGE = YES_ERROR;
				CLANG_WARN_DOCUMENTATION_COMMENTS = YES;
				CLANG_WARN_EMPTY_BODY = YES;
				CLANG_WARN_ENUM_CONVERSION = YES;
				CLANG_WARN_INFINITE_RECURSION = YES;
				CLANG_WARN_INT_CONVERSION = YES;
				CLANG_WARN_NON_LITERAL_NULL_CONVERSION = YES;
				CLANG_WARN_OBJC_IMPLICIT_RETAIN_SELF = YES;
				CLANG_WARN_OBJC_LITERAL_CONVERSION = YES;
				CLANG_WARN_OBJC_ROOT_CLASS = YES_ERROR;
				CLANG_WARN_QUOTED_INCLUDE_IN_FRAMEWORK_HEADER = YES;
				CLANG_WARN_RANGE_LOOP_ANALYSIS = YES;
				CLANG_WARN_STRICT_PROTOTYPES = YES;
				CLANG_WARN_SUSPICIOUS_MOVE = YES;
				CLANG_WARN_UNGUARDED_AVAILABILITY = YES_AGGRESSIVE;
				CLANG_WARN_UNREACHABLE_CODE = YES;
				CLANG_WARN__DUPLICATE_METHOD_MATCH = YES;
				COPY_PHASE_STRIP = NO;
				DEBUG_INFORMATION_FORMAT = "dwarf-with-dsym";
				ENABLE_NS_ASSERTIONS = NO;
				ENABLE_STRICT_OBJC_MSGSEND = YES;
				GCC_C_LANGUAGE_STANDARD = gnu11;
				GCC_NO_COMMON_BLOCKS = YES;
				GCC_WARN_64_TO_32_BIT_CONVERSION = YES;
				GCC_WARN_ABOUT_RETURN_TYPE = YES_ERROR;
				GCC_WARN_UNDECLARED_SELECTOR = YES;
				GCC_WARN_UNINITIALIZED_AUTOS = YES_AGGRESSIVE;
				GCC_WARN_UNUSED_FUNCTION = YES;
				GCC_WARN_UNUSED_VARIABLE = YES;
				IPHONEOS_DEPLOYMENT_TARGET = 14.4;
				MTL_ENABLE_DEBUG_INFO = NO;
				MTL_FAST_MATH = YES;
				SDKROOT = iphoneos;
				SWIFT_COMPILATION_MODE = wholemodule;
				SWIFT_OPTIMIZATION_LEVEL = "-O";
				VALIDATE_PRODUCT = YES;
			};
			name = Release;
		};
		2F15F1BE262D610C004E611C /* Debug */ = {
			isa = XCBuildConfiguration;
			buildSettings = {
				ASSETCATALOG_COMPILER_APPICON_NAME = AppIcon;
				ASSETCATALOG_COMPILER_GLOBAL_ACCENT_COLOR_NAME = AccentColor;
				CODE_SIGN_STYLE = Automatic;
				DEVELOPMENT_TEAM = XT3Q7RWFTN;
				INFOPLIST_FILE = GitHubSearch/Info.plist;
				LD_RUNPATH_SEARCH_PATHS = (
					"$(inherited)",
					"@executable_path/Frameworks",
				);
				PRODUCT_BUNDLE_IDENTIFIER = com.codereborn.GitHubSearch;
				PRODUCT_NAME = "$(TARGET_NAME)";
				SWIFT_VERSION = 5.0;
				TARGETED_DEVICE_FAMILY = "1,2";
			};
			name = Debug;
		};
		2F15F1BF262D610C004E611C /* Release */ = {
			isa = XCBuildConfiguration;
			buildSettings = {
				ASSETCATALOG_COMPILER_APPICON_NAME = AppIcon;
				ASSETCATALOG_COMPILER_GLOBAL_ACCENT_COLOR_NAME = AccentColor;
				CODE_SIGN_STYLE = Automatic;
				DEVELOPMENT_TEAM = XT3Q7RWFTN;
				INFOPLIST_FILE = GitHubSearch/Info.plist;
				LD_RUNPATH_SEARCH_PATHS = (
					"$(inherited)",
					"@executable_path/Frameworks",
				);
				PRODUCT_BUNDLE_IDENTIFIER = com.codereborn.GitHubSearch;
				PRODUCT_NAME = "$(TARGET_NAME)";
				SWIFT_VERSION = 5.0;
				TARGETED_DEVICE_FAMILY = "1,2";
			};
			name = Release;
		};
		2F15F1C1262D610C004E611C /* Debug */ = {
			isa = XCBuildConfiguration;
			buildSettings = {
				ALWAYS_EMBED_SWIFT_STANDARD_LIBRARIES = YES;
				BUNDLE_LOADER = "$(TEST_HOST)";
				CODE_SIGN_STYLE = Automatic;
				DEVELOPMENT_TEAM = XT3Q7RWFTN;
				INFOPLIST_FILE = GitHubSearchTests/Info.plist;
				IPHONEOS_DEPLOYMENT_TARGET = 14.4;
				LD_RUNPATH_SEARCH_PATHS = (
					"$(inherited)",
					"@executable_path/Frameworks",
					"@loader_path/Frameworks",
				);
				PRODUCT_BUNDLE_IDENTIFIER = com.codereborn.GitHubSearchTests;
				PRODUCT_NAME = "$(TARGET_NAME)";
				SWIFT_VERSION = 5.0;
				TARGETED_DEVICE_FAMILY = "1,2";
				TEST_HOST = "$(BUILT_PRODUCTS_DIR)/GitHubSearch.app/GitHubSearch";
			};
			name = Debug;
		};
		2F15F1C2262D610C004E611C /* Release */ = {
			isa = XCBuildConfiguration;
			buildSettings = {
				ALWAYS_EMBED_SWIFT_STANDARD_LIBRARIES = YES;
				BUNDLE_LOADER = "$(TEST_HOST)";
				CODE_SIGN_STYLE = Automatic;
				DEVELOPMENT_TEAM = XT3Q7RWFTN;
				INFOPLIST_FILE = GitHubSearchTests/Info.plist;
				IPHONEOS_DEPLOYMENT_TARGET = 14.4;
				LD_RUNPATH_SEARCH_PATHS = (
					"$(inherited)",
					"@executable_path/Frameworks",
					"@loader_path/Frameworks",
				);
				PRODUCT_BUNDLE_IDENTIFIER = com.codereborn.GitHubSearchTests;
				PRODUCT_NAME = "$(TARGET_NAME)";
				SWIFT_VERSION = 5.0;
				TARGETED_DEVICE_FAMILY = "1,2";
				TEST_HOST = "$(BUILT_PRODUCTS_DIR)/GitHubSearch.app/GitHubSearch";
			};
			name = Release;
		};
		2F15F1C4262D610C004E611C /* Debug */ = {
			isa = XCBuildConfiguration;
			buildSettings = {
				ALWAYS_EMBED_SWIFT_STANDARD_LIBRARIES = YES;
				CODE_SIGN_STYLE = Automatic;
				DEVELOPMENT_TEAM = XT3Q7RWFTN;
				INFOPLIST_FILE = GitHubSearchUITests/Info.plist;
				LD_RUNPATH_SEARCH_PATHS = (
					"$(inherited)",
					"@executable_path/Frameworks",
					"@loader_path/Frameworks",
				);
				PRODUCT_BUNDLE_IDENTIFIER = com.codereborn.GitHubSearchUITests;
				PRODUCT_NAME = "$(TARGET_NAME)";
				SWIFT_VERSION = 5.0;
				TARGETED_DEVICE_FAMILY = "1,2";
				TEST_TARGET_NAME = GitHubSearch;
			};
			name = Debug;
		};
		2F15F1C5262D610C004E611C /* Release */ = {
			isa = XCBuildConfiguration;
			buildSettings = {
				ALWAYS_EMBED_SWIFT_STANDARD_LIBRARIES = YES;
				CODE_SIGN_STYLE = Automatic;
				DEVELOPMENT_TEAM = XT3Q7RWFTN;
				INFOPLIST_FILE = GitHubSearchUITests/Info.plist;
				LD_RUNPATH_SEARCH_PATHS = (
					"$(inherited)",
					"@executable_path/Frameworks",
					"@loader_path/Frameworks",
				);
				PRODUCT_BUNDLE_IDENTIFIER = com.codereborn.GitHubSearchUITests;
				PRODUCT_NAME = "$(TARGET_NAME)";
				SWIFT_VERSION = 5.0;
				TARGETED_DEVICE_FAMILY = "1,2";
				TEST_TARGET_NAME = GitHubSearch;
			};
			name = Release;
		};
/* End XCBuildConfiguration section */

/* Begin XCConfigurationList section */
		2F15F18E262D610B004E611C /* Build configuration list for PBXProject "GitHubSearch" */ = {
			isa = XCConfigurationList;
			buildConfigurations = (
				2F15F1BB262D610C004E611C /* Debug */,
				2F15F1BC262D610C004E611C /* Release */,
			);
			defaultConfigurationIsVisible = 0;
			defaultConfigurationName = Release;
		};
		2F15F1BD262D610C004E611C /* Build configuration list for PBXNativeTarget "GitHubSearch" */ = {
			isa = XCConfigurationList;
			buildConfigurations = (
				2F15F1BE262D610C004E611C /* Debug */,
				2F15F1BF262D610C004E611C /* Release */,
			);
			defaultConfigurationIsVisible = 0;
			defaultConfigurationName = Release;
		};
		2F15F1C0262D610C004E611C /* Build configuration list for PBXNativeTarget "GitHubSearchTests" */ = {
			isa = XCConfigurationList;
			buildConfigurations = (
				2F15F1C1262D610C004E611C /* Debug */,
				2F15F1C2262D610C004E611C /* Release */,
			);
			defaultConfigurationIsVisible = 0;
			defaultConfigurationName = Release;
		};
		2F15F1C3262D610C004E611C /* Build configuration list for PBXNativeTarget "GitHubSearchUITests" */ = {
			isa = XCConfigurationList;
			buildConfigurations = (
				2F15F1C4262D610C004E611C /* Debug */,
				2F15F1C5262D610C004E611C /* Release */,
			);
			defaultConfigurationIsVisible = 0;
			defaultConfigurationName = Release;
		};
/* End XCConfigurationList section */
	};
	rootObject = 2F15F18B262D610B004E611C /* Project object */;
}
